version: 6
environments:
  default:
    channels:
    - url: https://conda.anaconda.org/conda-forge/
    - url: https://conda.anaconda.org/bioconda/
    options:
      pypi-prerelease-mode: if-necessary-or-explicit
    packages:
      osx-arm64:
      - conda: https://conda.anaconda.org/bioconda/osx-arm64/blast-2.16.0-hb260f6e_5.tar.bz2
      - conda: https://conda.anaconda.org/conda-forge/osx-arm64/bzip2-1.0.8-hd037594_8.conda
      - conda: https://conda.anaconda.org/conda-forge/osx-arm64/c-ares-1.34.6-hc919400_0.conda
      - conda: https://conda.anaconda.org/conda-forge/noarch/ca-certificates-2026.1.4-hbd8a1cb_0.conda
      - conda: https://conda.anaconda.org/conda-forge/osx-arm64/curl-8.18.0-he38603e_0.conda
      - conda: https://conda.anaconda.org/conda-forge/noarch/duckdb-1.4.3-h332efcf_0.conda
      - conda: https://conda.anaconda.org/bioconda/osx-arm64/entrez-direct-22.4-hd5f1084_0.tar.bz2
      - conda: https://conda.anaconda.org/conda-forge/osx-arm64/icu-78.2-h38cb7af_0.conda
      - conda: https://conda.anaconda.org/conda-forge/osx-arm64/krb5-1.21.3-h237132a_0.conda
      - conda: https://conda.anaconda.org/conda-forge/osx-arm64/libcurl-8.18.0-he38603e_0.conda
      - conda: https://conda.anaconda.org/conda-forge/osx-arm64/libcxx-21.1.8-hf598326_0.conda
      - conda: https://conda.anaconda.org/conda-forge/osx-arm64/libedit-3.1.20250104-pl5321hafb1f1b_0.conda
      - conda: https://conda.anaconda.org/conda-forge/osx-arm64/libev-4.33-h93a5062_2.conda
      - conda: https://conda.anaconda.org/conda-forge/osx-arm64/libexpat-2.7.3-haf25636_0.conda
      - conda: https://conda.anaconda.org/conda-forge/osx-arm64/libffi-3.5.2-he5f378a_0.conda
      - conda: https://conda.anaconda.org/conda-forge/osx-arm64/libiconv-1.18-h23cfdf5_2.conda
      - conda: https://conda.anaconda.org/conda-forge/osx-arm64/libidn2-2.3.8-ha90df94_1.conda
      - conda: https://conda.anaconda.org/conda-forge/osx-arm64/libintl-0.25.1-h493aca8_0.conda
      - conda: https://conda.anaconda.org/conda-forge/osx-arm64/liblzma-5.8.2-h8088a28_0.conda
      - conda: https://conda.anaconda.org/conda-forge/osx-arm64/libmpdec-4.0.0-h5505292_0.conda
      - conda: https://conda.anaconda.org/conda-forge/osx-arm64/libnghttp2-1.67.0-hc438710_0.conda
      - conda: https://conda.anaconda.org/conda-forge/osx-arm64/libsqlite-3.51.2-h1ae2325_0.conda
      - conda: https://conda.anaconda.org/conda-forge/osx-arm64/libssh2-1.11.1-h1590b86_0.conda
      - conda: https://conda.anaconda.org/conda-forge/osx-arm64/libunistring-0.9.10-h3422bc3_0.tar.bz2
      - conda: https://conda.anaconda.org/conda-forge/osx-arm64/libzlib-1.3.1-h8359307_2.conda
      - conda: https://conda.anaconda.org/bioconda/osx-arm64/ncbi-vdb-3.3.0-h4675bf2_0.conda
      - conda: https://conda.anaconda.org/conda-forge/osx-arm64/ncurses-6.5-h5e97a16_3.conda
      - conda: https://conda.anaconda.org/conda-forge/osx-arm64/openssl-3.6.0-h5503f6c_0.conda
      - conda: https://conda.anaconda.org/conda-forge/osx-arm64/parallel-20251122-hce30654_0.conda
      - conda: https://conda.anaconda.org/conda-forge/osx-arm64/pcre2-10.45-ha881caa_0.conda
      - conda: https://conda.anaconda.org/conda-forge/osx-arm64/perl-5.32.1-7_h4614cfb_perl5.conda
      - conda: https://conda.anaconda.org/bioconda/noarch/perl-archive-tar-3.04-pl5321hdfd78af_0.tar.bz2
      - conda: https://conda.anaconda.org/conda-forge/noarch/perl-carp-1.50-pl5321hd8ed1ab_0.tar.bz2
      - conda: https://conda.anaconda.org/conda-forge/noarch/perl-common-sense-3.75-pl5321hd8ed1ab_0.tar.bz2
      - conda: https://conda.anaconda.org/conda-forge/osx-arm64/perl-compress-raw-bzip2-2.214-pl5321h2ddc596_0.conda
      - conda: https://conda.anaconda.org/conda-forge/osx-arm64/perl-compress-raw-zlib-2.214-pl5321ha1c2b25_0.conda
      - conda: https://conda.anaconda.org/conda-forge/osx-arm64/perl-encode-3.21-pl5321h5505292_1.conda
      - conda: https://conda.anaconda.org/conda-forge/noarch/perl-exporter-5.74-pl5321hd8ed1ab_0.tar.bz2
      - conda: https://conda.anaconda.org/conda-forge/noarch/perl-exporter-tiny-1.002002-pl5321hd8ed1ab_0.tar.bz2
      - conda: https://conda.anaconda.org/conda-forge/noarch/perl-extutils-makemaker-7.70-pl5321hd8ed1ab_0.conda
      - conda: https://conda.anaconda.org/bioconda/osx-arm64/perl-io-compress-2.214-pl5321haef7865_0.conda
      - conda: https://conda.anaconda.org/bioconda/noarch/perl-io-zlib-1.15-pl5321hdfd78af_1.tar.bz2
      - conda: https://conda.anaconda.org/bioconda/noarch/perl-json-4.10-pl5321hdfd78af_1.tar.bz2
      - conda: https://conda.anaconda.org/bioconda/osx-arm64/perl-json-xs-4.04-pl5321h4675bf2_0.conda
      - conda: https://conda.anaconda.org/bioconda/noarch/perl-list-moreutils-0.430-pl5321hdfd78af_0.tar.bz2
      - conda: https://conda.anaconda.org/bioconda/osx-arm64/perl-list-moreutils-xs-0.430-pl5321hbdacb55_5.tar.bz2
      - conda: https://conda.anaconda.org/conda-forge/noarch/perl-parent-0.243-pl5321hd8ed1ab_0.conda
      - conda: https://conda.anaconda.org/conda-forge/osx-arm64/perl-pathtools-3.75-pl5321hc71e825_2.conda
      - conda: https://conda.anaconda.org/conda-forge/osx-arm64/perl-scalar-list-utils-1.70-pl5321h44e845a_0.conda
      - conda: https://conda.anaconda.org/conda-forge/osx-arm64/perl-storable-3.15-pl5321hc71e825_2.conda
      - conda: https://conda.anaconda.org/bioconda/noarch/perl-types-serialiser-1.01-pl5321hdfd78af_0.tar.bz2
      - conda: https://conda.anaconda.org/bioconda/osx-arm64/prodigal-2.6.3-hba9b596_11.tar.bz2
      - conda: https://conda.anaconda.org/conda-forge/osx-arm64/python-3.14.2-h40d2674_100_cp314.conda
      - conda: https://conda.anaconda.org/conda-forge/osx-arm64/python-duckdb-1.4.3-py314h93ecee7_0.conda
      - conda: https://conda.anaconda.org/conda-forge/noarch/python_abi-3.14-8_cp314.conda
      - conda: https://conda.anaconda.org/conda-forge/osx-arm64/readline-8.3-h46df422_0.conda
      - conda: https://conda.anaconda.org/bioconda/osx-arm64/rpsbproc-0.5.0-hf8bb5b5_3.tar.bz2
      - conda: https://conda.anaconda.org/bioconda/osx-arm64/seqkit-2.12.0-hd5f1084_1.conda
      - conda: https://conda.anaconda.org/conda-forge/osx-arm64/tk-8.6.13-h892fb3f_3.conda
      - conda: https://conda.anaconda.org/conda-forge/noarch/tzdata-2025c-hc9c84f9_1.conda
      - conda: https://conda.anaconda.org/conda-forge/osx-arm64/wget-1.25.0-hd7c3adf_0.conda
      - conda: https://conda.anaconda.org/conda-forge/osx-arm64/zlib-1.3.1-h8359307_2.conda
      - conda: https://conda.anaconda.org/conda-forge/osx-arm64/zstd-1.5.7-hbf9d68e_6.conda
packages:
- conda: https://conda.anaconda.org/bioconda/osx-arm64/blast-2.16.0-hb260f6e_5.tar.bz2
  sha256: 0ca5da8fa1aee16a96bfc00284f09a92bd85aa6f57ded3a9ab6a21d573bec52f
  md5: 112829a9e327f78c8f26699c19d65bfb
  depends:
  - bzip2 >=1.0.8,<2.0a0
  - curl
  - entrez-direct >=22.4,<23.0a0
  - libcxx >=18
  - libsqlite >=3.49.1,<4.0a0
  - libzlib >=1.3.1,<2.0a0
  - ncbi-vdb >=3.2.1,<4.0a0
  - perl
  - perl-archive-tar
  - perl-json
  - perl-list-moreutils
  - rpsbproc
  - zlib
  license: NCBI-PD
  size: 157885023
  timestamp: 1743182400505
- conda: https://conda.anaconda.org/conda-forge/osx-arm64/bzip2-1.0.8-hd037594_8.conda
  sha256: b456200636bd5fecb2bec63f7e0985ad2097cf1b83d60ce0b6968dffa6d02aa1
  md5: 58fd217444c2a5701a44244faf518206
  depends:
  - __osx >=11.0
  license: bzip2-1.0.6
  license_family: BSD
  size: 125061
  timestamp: 1757437486465
- conda: https://conda.anaconda.org/conda-forge/osx-arm64/c-ares-1.34.6-hc919400_0.conda
  sha256: 2995f2aed4e53725e5efbc28199b46bf311c3cab2648fc4f10c2227d6d5fa196
  md5: bcb3cba70cf1eec964a03b4ba7775f01
  depends:
  - __osx >=11.0
  license: MIT
  license_family: MIT
  size: 180327
  timestamp: 1765215064054
- conda: https://conda.anaconda.org/conda-forge/noarch/ca-certificates-2026.1.4-hbd8a1cb_0.conda
  sha256: b5974ec9b50e3c514a382335efa81ed02b05906849827a34061c496f4defa0b2
  md5: bddacf101bb4dd0e51811cb69c7790e2
  depends:
  - __unix
  license: ISC
  size: 146519
  timestamp: 1767500828366
- conda: https://conda.anaconda.org/conda-forge/osx-arm64/curl-8.18.0-he38603e_0.conda
  sha256: 5bcd5c8b51a6a6141cbb56170b7497fc2008d404eeb89688789d281e63f9f80d
  md5: 77fd129d3083a587962552b573b45791
  depends:
  - __osx >=11.0
  - krb5 >=1.21.3,<1.22.0a0
  - libcurl 8.18.0 he38603e_0
  - libssh2 >=1.11.1,<2.0a0
  - libzlib >=1.3.1,<2.0a0
  - openssl >=3.5.4,<4.0a0
  - zstd >=1.5.7,<1.6.0a0
  license: curl
  license_family: MIT
  size: 176495
  timestamp: 1767822747479
- conda: https://conda.anaconda.org/conda-forge/noarch/duckdb-1.4.3-h332efcf_0.conda
  sha256: 8e384224a61bff7f89174006a79958ad7001a7562751a8613ec372934c8bf979
  md5: 4e4801668804955f657f32b9d2721b9c
  depends:
  - python-duckdb >=1.4.3,<1.4.4.0a0
  license: MIT
  license_family: MIT
  size: 7608
  timestamp: 1765373053022
- conda: https://conda.anaconda.org/bioconda/osx-arm64/entrez-direct-22.4-hd5f1084_0.tar.bz2
  sha256: 46efea9f61526340ae8db2c1e25666fc46a259f5a52e8d69d5ca62fedf46774d
  md5: 56c3860d52479d20d86dd78f24947e8e
  depends:
  - wget
  license: PUBLIC DOMAIN
  size: 13706791
  timestamp: 1721746465282
- conda: https://conda.anaconda.org/conda-forge/osx-arm64/icu-78.2-h38cb7af_0.conda
  sha256: d4cefbca587429d1192509edc52c88de52bc96c2447771ddc1f8bee928aed5ef
  md5: 1e93aca311da0210e660d2247812fa02
  depends:
  - __osx >=11.0
  license: MIT
  license_family: MIT
  size: 12358010
  timestamp: 1767970350308
- conda: https://conda.anaconda.org/conda-forge/osx-arm64/krb5-1.21.3-h237132a_0.conda
  sha256: 4442f957c3c77d69d9da3521268cad5d54c9033f1a73f99cde0a3658937b159b
  md5: c6dc8a0fdec13a0565936655c33069a1
  depends:
  - __osx >=11.0
  - libcxx >=16
  - libedit >=3.1.20191231,<3.2.0a0
  - libedit >=3.1.20191231,<4.0a0
  - openssl >=3.3.1,<4.0a0
  license: MIT
  license_family: MIT
  size: 1155530
  timestamp: 1719463474401
- conda: https://conda.anaconda.org/conda-forge/osx-arm64/libcurl-8.18.0-he38603e_0.conda
  sha256: 11c78b3e89bc332933386f0a11ac60d9200afb7a811b9e3bec98aef8d4a6389b
  md5: 36190179a799f3aee3c2d20a8a2b970d
  depends:
  - __osx >=11.0
  - krb5 >=1.21.3,<1.22.0a0
  - libnghttp2 >=1.67.0,<2.0a0
  - libssh2 >=1.11.1,<2.0a0
  - libzlib >=1.3.1,<2.0a0
  - openssl >=3.5.4,<4.0a0
  - zstd >=1.5.7,<1.6.0a0
  license: curl
  license_family: MIT
  size: 402681
  timestamp: 1767822693908
- conda: https://conda.anaconda.org/conda-forge/osx-arm64/libcxx-21.1.8-hf598326_0.conda
  sha256: 82e228975fd491bcf1071ecd0a6ec2a0fcc5f57eb0bd1d52cb13a18d57c67786
  md5: 780f0251b757564e062187044232c2b7
  depends:
  - __osx >=11.0
  license: Apache-2.0 WITH LLVM-exception
  license_family: Apache
  size: 569118
  timestamp: 1765919724254
- conda: https://conda.anaconda.org/conda-forge/osx-arm64/libedit-3.1.20250104-pl5321hafb1f1b_0.conda
  sha256: 66aa216a403de0bb0c1340a88d1a06adaff66bae2cfd196731aa24db9859d631
  md5: 44083d2d2c2025afca315c7a172eab2b
  depends:
  - ncurses
  - __osx >=11.0
  - ncurses >=6.5,<7.0a0
  license: BSD-2-Clause
  license_family: BSD
  size: 107691
  timestamp: 1738479560845
- conda: https://conda.anaconda.org/conda-forge/osx-arm64/libev-4.33-h93a5062_2.conda
  sha256: 95cecb3902fbe0399c3a7e67a5bed1db813e5ab0e22f4023a5e0f722f2cc214f
  md5: 36d33e440c31857372a72137f78bacf5
  license: BSD-2-Clause
  license_family: BSD
  size: 107458
  timestamp: 1702146414478
- conda: https://conda.anaconda.org/conda-forge/osx-arm64/libexpat-2.7.3-haf25636_0.conda
  sha256: fce22610ecc95e6d149e42a42fbc3cc9d9179bd4eb6232639a60f06e080eec98
  md5: b79875dbb5b1db9a4a22a4520f918e1a
  depends:
  - __osx >=11.0
  constrains:
  - expat 2.7.3.*
  license: MIT
  license_family: MIT
  size: 67800
  timestamp: 1763549994166
- conda: https://conda.anaconda.org/conda-forge/osx-arm64/libffi-3.5.2-he5f378a_0.conda
  sha256: 9b8acdf42df61b7bfe8bdc545c016c29e61985e79748c64ad66df47dbc2e295f
  md5: 411ff7cd5d1472bba0f55c0faf04453b
  depends:
  - __osx >=11.0
  license: MIT
  license_family: MIT
  size: 40251
  timestamp: 1760295839166
- conda: https://conda.anaconda.org/conda-forge/osx-arm64/libiconv-1.18-h23cfdf5_2.conda
  sha256: de0336e800b2af9a40bdd694b03870ac4a848161b35c8a2325704f123f185f03
  md5: 4d5a7445f0b25b6a3ddbb56e790f5251
  depends:
  - __osx >=11.0
  license: LGPL-2.1-only
  size: 750379
  timestamp: 1754909073836
- conda: https://conda.anaconda.org/conda-forge/osx-arm64/libidn2-2.3.8-ha90df94_1.conda
  sha256: 6d9d2db2c8a645f63073553e9497ea266507c940de42800f2f0faddbf00149cd
  md5: d4b2e2dd2a1a1e2df8b4a3f05034beb4
  depends:
  - __osx >=11.0
  - libintl >=0.25.1,<1.0a0
  - libunistring >=0,<1.0a0
  license: LGPL-2.0-only
  license_family: LGPL
  size: 145706
  timestamp: 1760385907428
- conda: https://conda.anaconda.org/conda-forge/osx-arm64/libintl-0.25.1-h493aca8_0.conda
  sha256: 99d2cebcd8f84961b86784451b010f5f0a795ed1c08f1e7c76fbb3c22abf021a
  md5: 5103f6a6b210a3912faf8d7db516918c
  depends:
  - __osx >=11.0
  - libiconv >=1.18,<2.0a0
  license: LGPL-2.1-or-later
  size: 90957
  timestamp: 1751558394144
- conda: https://conda.anaconda.org/conda-forge/osx-arm64/liblzma-5.8.2-h8088a28_0.conda
  sha256: 7bfc7ffb2d6a9629357a70d4eadeadb6f88fa26ebc28f606b1c1e5e5ed99dc7e
  md5: 009f0d956d7bfb00de86901d16e486c7
  depends:
  - __osx >=11.0
  constrains:
  - xz 5.8.2.*
  license: 0BSD
  size: 92242
  timestamp: 1768752982486
- conda: https://conda.anaconda.org/conda-forge/osx-arm64/libmpdec-4.0.0-h5505292_0.conda
  sha256: 0a1875fc1642324ebd6c4ac864604f3f18f57fbcf558a8264f6ced028a3c75b2
  md5: 85ccccb47823dd9f7a99d2c7f530342f
  depends:
  - __osx >=11.0
  license: BSD-2-Clause
  license_family: BSD
  size: 71829
  timestamp: 1748393749336
- conda: https://conda.anaconda.org/conda-forge/osx-arm64/libnghttp2-1.67.0-hc438710_0.conda
  sha256: a07cb53b5ffa2d5a18afc6fd5a526a5a53dd9523fbc022148bd2f9395697c46d
  md5: a4b4dd73c67df470d091312ab87bf6ae
  depends:
  - __osx >=11.0
  - c-ares >=1.34.5,<2.0a0
  - libcxx >=19
  - libev >=4.33,<4.34.0a0
  - libev >=4.33,<5.0a0
  - libzlib >=1.3.1,<2.0a0
  - openssl >=3.5.2,<4.0a0
  license: MIT
  license_family: MIT
  size: 575454
  timestamp: 1756835746393
- conda: https://conda.anaconda.org/conda-forge/osx-arm64/libsqlite-3.51.2-h1ae2325_0.conda
  sha256: 6e9b9f269732cbc4698c7984aa5b9682c168e2a8d1e0406e1ff10091ca046167
  md5: 4b0bf313c53c3e89692f020fb55d5f2c
  depends:
  - __osx >=11.0
  - icu >=78.2,<79.0a0
  - libzlib >=1.3.1,<2.0a0
  license: blessing
  size: 909777
  timestamp: 1768148320535
- conda: https://conda.anaconda.org/conda-forge/osx-arm64/libssh2-1.11.1-h1590b86_0.conda
  sha256: 8bfe837221390ffc6f111ecca24fa12d4a6325da0c8d131333d63d6c37f27e0a
  md5: b68e8f66b94b44aaa8de4583d3d4cc40
  depends:
  - libzlib >=1.3.1,<2.0a0
  - openssl >=3.5.0,<4.0a0
  license: BSD-3-Clause
  license_family: BSD
  size: 279193
  timestamp: 1745608793272
- conda: https://conda.anaconda.org/conda-forge/osx-arm64/libunistring-0.9.10-h3422bc3_0.tar.bz2
  sha256: a1afe12ab199f82f339eae83405d293d197f2485d45346a709703bc7e8299949
  md5: d88e77a4861e20bd96bde6628ee7a5ae
  license: GPL-3.0-only OR LGPL-3.0-only
  size: 1577561
  timestamp: 1626955172521
- conda: https://conda.anaconda.org/conda-forge/osx-arm64/libzlib-1.3.1-h8359307_2.conda
  sha256: ce34669eadaba351cd54910743e6a2261b67009624dbc7daeeafdef93616711b
  md5: 369964e85dc26bfe78f41399b366c435
  depends:
  - __osx >=11.0
  constrains:
  - zlib 1.3.1 *_2
  license: Zlib
  license_family: Other
  size: 46438
  timestamp: 1727963202283
- conda: https://conda.anaconda.org/bioconda/osx-arm64/ncbi-vdb-3.3.0-h4675bf2_0.conda
  sha256: 73aaa6767c81308e8295e34145fdd4cbf110116796d96ee0bb2cbc5dab9d9261
  md5: da5b7631056680f0c3e0a732271b246d
  depends:
  - libcxx >=18
  license: Public Domain
  size: 4944593
  timestamp: 1764727940292
- conda: https://conda.anaconda.org/conda-forge/osx-arm64/ncurses-6.5-h5e97a16_3.conda
  sha256: 2827ada40e8d9ca69a153a45f7fd14f32b2ead7045d3bbb5d10964898fe65733
  md5: 068d497125e4bf8a66bf707254fff5ae
  depends:
  - __osx >=11.0
  license: X11 AND BSD-3-Clause
  size: 797030
  timestamp: 1738196177597
- conda: https://conda.anaconda.org/conda-forge/osx-arm64/openssl-3.6.0-h5503f6c_0.conda
  sha256: ebe93dafcc09e099782fe3907485d4e1671296bc14f8c383cb6f3dfebb773988
  md5: b34dc4172653c13dcf453862f251af2b
  depends:
  - __osx >=11.0
  - ca-certificates
  license: Apache-2.0
  license_family: Apache
  size: 3108371
  timestamp: 1762839712322
- conda: https://conda.anaconda.org/conda-forge/osx-arm64/parallel-20251122-hce30654_0.conda
  sha256: 855f295bda93da73844adff61d72d1cf87ce3d46d727c7799de738bbcaf6a270
  md5: 32a037cf06c573e64692065cd67d62ba
  depends:
  - perl
  license: CC-BY-SA-4.0 AND GFDL-1.3-or-later AND GPL-3.0-or-later
  license_family: GPL
  size: 1945875
  timestamp: 1763990842417
- conda: https://conda.anaconda.org/conda-forge/osx-arm64/pcre2-10.45-ha881caa_0.conda
  sha256: e9ecb706b58b5a2047c077b3a1470e8554f3aad02e9c3c00cfa35d537420fea3
  md5: a52385b93558d8e6bbaeec5d61a21cd7
  depends:
  - __osx >=11.0
  - bzip2 >=1.0.8,<2.0a0
  - libzlib >=1.3.1,<2.0a0
  license: BSD-3-Clause
  license_family: BSD
  size: 837826
  timestamp: 1745955207242
- conda: https://conda.anaconda.org/conda-forge/osx-arm64/perl-5.32.1-7_h4614cfb_perl5.conda
  build_number: 7
  sha256: b0c55040d2994fd6bf2f83786561d92f72306d982d6ea12889acad24a9bf43b8
  md5: ba3cbe93f99e896765422cc5f7c3a79e
  license: GPL-1.0-or-later OR Artistic-1.0-Perl
  size: 14439531
  timestamp: 1703311335652
- conda: https://conda.anaconda.org/bioconda/noarch/perl-archive-tar-3.04-pl5321hdfd78af_0.tar.bz2
  sha256: ff80ba34551d4e051f4eaff48df53a6c63695dcf00e670c89a241a04f0b662ae
  md5: 27d0df347c48c48b363651b64fb6fb4c
  depends:
  - perl >=5.32.1,<6.0a0 *_perl5
  - perl-io-compress
  - perl-io-zlib
  - perl-pathtools
  license: Perl_5
  size: 35243
  timestamp: 1749770047223
- conda: https://conda.anaconda.org/conda-forge/noarch/perl-carp-1.50-pl5321hd8ed1ab_0.tar.bz2
  sha256: 1981e31113e1e77a2cdc13db657c636f047cd3be2a64d9a0bffac03c5427c1bd
  md5: bdddc03e28019b902da71b722f2288d7
  depends:
  - perl >=5.32.1,<6.0a0 *_perl5
  - perl-exporter
  - perl-extutils-makemaker
  license: GPL-1.0-or-later OR Artistic-1.0-Perl
  license_family: OTHER
  size: 22257
  timestamp: 1636653208008
- conda: https://conda.anaconda.org/conda-forge/noarch/perl-common-sense-3.75-pl5321hd8ed1ab_0.tar.bz2
  sha256: 38ef218e9b9d55b9fbdce6b31cf81bcf6f1b16f21b8e7cb9279b41399522a320
  md5: ef70dc77e8b10bbb62f5e843b401ef0e
  depends:
  - perl >=5.32.1,<6.0a0 *_perl5
  license: GPL-1.0-or-later OR Artistic-1.0-Perl
  license_family: OTHER
  size: 20291
  timestamp: 1660429950685
- conda: https://conda.anaconda.org/conda-forge/osx-arm64/perl-compress-raw-bzip2-2.214-pl5321h2ddc596_0.conda
  sha256: ef4c03b93bda20fbf1e14aaed8d2dfab47be84c87a2ebcad33304dcd91ff963e
  md5: 11449b58306c8d2334895cee4420b73b
  depends:
  - __osx >=11.0
  - perl >=5.32.1,<5.33.0a0 *_perl5
  license: GPL-1.0-or-later OR Artistic-1.0-Perl
  license_family: OTHER
  size: 53995
  timestamp: 1761332770399
- conda: https://conda.anaconda.org/conda-forge/osx-arm64/perl-compress-raw-zlib-2.214-pl5321ha1c2b25_0.conda
  sha256: 4f52ea95e8d3ffcb2b0d330dd45300f930565d76852795f1dd26970930855ffd
  md5: ea7d19c2d6142748d7a8b4e71fb1616e
  depends:
  - __osx >=11.0
  - perl >=5.32.1,<5.33.0a0 *_perl5
  license: GPL-1.0-or-later OR Artistic-1.0-Perl
  license_family: OTHER
  size: 74597
  timestamp: 1761332854921
- conda: https://conda.anaconda.org/conda-forge/osx-arm64/perl-encode-3.21-pl5321h5505292_1.conda
  sha256: 7a781b37b0100f61d07136dce26d3f5730ae47b65918ceacf7b9fe9742c41049
  md5: 42eb64f1b92569f629eb7da894bbfaf0
  depends:
  - __osx >=11.0
  - perl >=5.32.1,<5.33.0a0 *_perl5
  - perl-exporter
  - perl-parent
  - perl-storable
  license: GPL-1.0-or-later OR Artistic-1.0-Perl
  size: 1086399
  timestamp: 1741897764138
- conda: https://conda.anaconda.org/conda-forge/noarch/perl-exporter-5.74-pl5321hd8ed1ab_0.tar.bz2
  sha256: 42271d0b79043a10a89044acb5febea50046b745dd2fc37e02943bc3bc75bf8e
  md5: fd2eac4e35f8c970870a3961c1df3e29
  depends:
  - perl >=5.32.1,<6.0a0 *_perl5
  license: GPL-1.0-or-later OR Artistic-1.0-Perl
  license_family: OTHER
  size: 19071
  timestamp: 1636696009075
- conda: https://conda.anaconda.org/conda-forge/noarch/perl-exporter-tiny-1.002002-pl5321hd8ed1ab_0.tar.bz2
  sha256: abdf86828a12a389d0feb0d70501b267842557bae11820e266526aeb6ab2bebe
  md5: 48d709826875be1f2c108d3d1d8efec7
  depends:
  - perl >=5.32.1,<6.0a0 *_perl5
  license: GPL-1.0-or-later OR Artistic-1.0-Perl
  license_family: OTHER
  size: 28592
  timestamp: 1660341479867
- conda: https://conda.anaconda.org/conda-forge/noarch/perl-extutils-makemaker-7.70-pl5321hd8ed1ab_0.conda
  sha256: 1d3f342ca74cf2948c3edcfe0d3367b1db0fc64bb163393a2e025336dec3a40c
  md5: ec3e57ed34f7765bfc7054a05868ce5d
  depends:
  - perl >=5.32.1,<6.0a0 *_perl5
  license: GPL-1.0-or-later OR Artistic-1.0-Perl
  license_family: OTHER
  size: 157323
  timestamp: 1679847836884
- conda: https://conda.anaconda.org/bioconda/osx-arm64/perl-io-compress-2.214-pl5321haef7865_0.conda
  sha256: 8667e122455858a2e53274b35fed96e670238a9bb13f55f2409d9780ed7b8ba0
  md5: e1b3a29175fbc30ef202f7d8381a180f
  depends:
  - libcxx >=18
  - perl >=5.32.1,<5.33.0a0 *_perl5
  - perl-compress-raw-bzip2 >=2.214
  - perl-compress-raw-zlib >=2.214
  - perl-encode
  - perl-scalar-list-utils
  license: Perl_5
  size: 87732
  timestamp: 1763951837530
- conda: https://conda.anaconda.org/bioconda/noarch/perl-io-zlib-1.15-pl5321hdfd78af_1.tar.bz2
  sha256: 771a44b338cac68a22893897450222b886e24bbb291b014897d561f2ba3b588f
  md5: db92645dabe9467115729e4479841b5d
  depends:
  - perl >=5.32.1,<6.0a0 *_perl5
  license: GPL-1.0-or-later OR Artistic-1.0-Perl
  size: 12760
  timestamp: 1752069858135
- conda: https://conda.anaconda.org/bioconda/noarch/perl-json-4.10-pl5321hdfd78af_1.tar.bz2
  sha256: c30768595793865d67fe2bf76a34e696a0664ae1f1cef34e31cb16618af22d61
  md5: c6c43c11e14d90b836f42c611e106ea9
  depends:
  - perl >=5.32.1,<6.0a0 *_perl5
  - perl-json-xs
  license: GPL-1.0-or-later OR Artistic-1.0-Perl
  size: 57728
  timestamp: 1722414214816
- conda: https://conda.anaconda.org/bioconda/osx-arm64/perl-json-xs-4.04-pl5321h4675bf2_0.conda
  sha256: 0a83c4cee65c1beb748948ad1017ff9fbdb3d64cc3eb13599e938f06cd609cbe
  md5: 7b47788061026d732bab29c1b24a9c92
  depends:
  - libcxx >=18
  - perl >=5.32.1,<5.33.0a0 *_perl5
  - perl-common-sense
  - perl-types-serialiser
  license: GPL-1.0-or-later OR Artistic-1.0-Perl
  size: 68334
  timestamp: 1757351554241
- conda: https://conda.anaconda.org/bioconda/noarch/perl-list-moreutils-0.430-pl5321hdfd78af_0.tar.bz2
  sha256: 2190cc8430bb218ea80f5fc5e2bf75e4e20a27fb83e8c3cb789a18c32854a56c
  md5: 7f04c79d216d0f8e7b6d5a51de4aafa0
  depends:
  - perl >=5.32.1,<6.0a0 *_perl5
  - perl-exporter-tiny
  - perl-list-moreutils-xs >=0.430
  license: apache_2_0
  size: 32468
  timestamp: 1644871004171
- conda: https://conda.anaconda.org/bioconda/osx-arm64/perl-list-moreutils-xs-0.430-pl5321hbdacb55_5.tar.bz2
  sha256: 46d9645a60edde726f5891ae254db4bb2a17f0e32ff64a18160910c4a618d879
  md5: 4f44dd7b4232e9c202a72d17f9d1c287
  depends:
  - perl >=5.32.1,<5.33.0a0 *_perl5
  license: apache_2_0
  size: 43423
  timestamp: 1741776343291
- conda: https://conda.anaconda.org/conda-forge/noarch/perl-parent-0.243-pl5321hd8ed1ab_0.conda
  sha256: ec57d9e56ba86d840d5a9e65c665365fb6a290851cd13e6719628f3295eabf34
  md5: 314caa3b72d65f8078d426c6721dcacc
  depends:
  - perl >=5.32.1,<6.0a0 *_perl5
  license: GPL-1.0-or-later OR Artistic-1.0-Perl
  license_family: OTHER
  size: 13933
  timestamp: 1733429736293
- conda: https://conda.anaconda.org/conda-forge/osx-arm64/perl-pathtools-3.75-pl5321hc71e825_2.conda
  sha256: 85eca77264dfe63673098dbc5d07a576c20f8aca6fada79041ad4ca24742d83d
  md5: c27e14dadd37c355bd3160a0a4830653
  depends:
  - __osx >=11.0
  - perl >=5.32.1,<5.33.0a0 *_perl5
  - perl-carp
  license: GPL-1.0-or-later OR Artistic-1.0-Perl
  license_family: OTHER
  size: 49073
  timestamp: 1741783420655
- conda: https://conda.anaconda.org/conda-forge/osx-arm64/perl-scalar-list-utils-1.70-pl5321h44e845a_0.conda
  sha256: 6dea0dd8ea98d807866c3d469afe658dbbf6153f0ac9e9fecd15dc76c96225ef
  md5: aad96d9728726b11fc1b451c247a9fdb
  depends:
  - __osx >=11.0
  - perl >=5.32.1,<5.33.0a0 *_perl5
  license: GPL-1.0-or-later OR Artistic-1.0-Perl
  license_family: OTHER
  size: 46900
  timestamp: 1753965963335
- conda: https://conda.anaconda.org/conda-forge/osx-arm64/perl-storable-3.15-pl5321hc71e825_2.conda
  sha256: 7e0cfec98f6a4ee7f4ce7e18d9efc748a8bdf1462081a1897c445f709a791d0c
  md5: 8574488332db7649d4f87120553ec179
  depends:
  - __osx >=11.0
  - perl >=5.32.1,<5.33.0a0 *_perl5
  license: GPL-1.0-or-later OR Artistic-1.0-Perl
  license_family: OTHER
  size: 63402
  timestamp: 1741353964208
- conda: https://conda.anaconda.org/bioconda/noarch/perl-types-serialiser-1.01-pl5321hdfd78af_0.tar.bz2
  sha256: 20f61217b16235d0161ad6fa0a234585afcc04ec5a6142c65b5867e26216dfe3
  md5: cfc65753e827bbef80c00eaa395f6ae7
  depends:
  - perl >=5.32.1,<6.0a0 *_perl5
  - perl-common-sense
  license: perl_5
  size: 13136
  timestamp: 1644512391683
- conda: https://conda.anaconda.org/bioconda/osx-arm64/prodigal-2.6.3-hba9b596_11.tar.bz2
  sha256: 422246b01db89569bb1e6b7516ccba24282544249047af9b2ebc67707902312a
  md5: b6e7fd13e48ec70152bc10f3e0cb4070
  depends:
  - libzlib >=1.3.1,<2.0a0
  license: GPL-3.0-or-later
  license_family: GPL3
  size: 455607
  timestamp: 1752712470905
- conda: https://conda.anaconda.org/conda-forge/osx-arm64/python-3.14.2-h40d2674_100_cp314.conda
  build_number: 100
  sha256: 1a93782e90b53e04c2b1a50a0f8bf0887936649d19dba6a05b05c4b44dae96b7
  md5: 14f15ab0d31a2ee5635aa56e77132594
  depends:
  - __osx >=11.0
  - bzip2 >=1.0.8,<2.0a0
  - libexpat >=2.7.3,<3.0a0
  - libffi >=3.5.2,<3.6.0a0
  - liblzma >=5.8.1,<6.0a0
  - libmpdec >=4.0.0,<5.0a0
  - libsqlite >=3.51.1,<4.0a0
  - libzlib >=1.3.1,<2.0a0
  - ncurses >=6.5,<7.0a0
  - openssl >=3.5.4,<4.0a0
  - python_abi 3.14.* *_cp314
  - readline >=8.2,<9.0a0
  - tk >=8.6.13,<8.7.0a0
  - tzdata
  - zstd >=1.5.7,<1.6.0a0
  license: Python-2.0
  size: 13575758
  timestamp: 1765021280625
  python_site_packages_path: lib/python3.14/site-packages
- conda: https://conda.anaconda.org/conda-forge/osx-arm64/python-duckdb-1.4.3-py314h93ecee7_0.conda
  sha256: 0c6d802bec2807bca7fa14b893104718bc8c21fcfe8d7553bf38f58883bb3aee
  md5: b53bf0e9ce4482d45f33b99595904fec
  depends:
  - __osx >=11.0
  - libcxx >=19
  - python >=3.14,<3.15.0a0
  - python >=3.14,<3.15.0a0 *_cp314
  - python_abi 3.14.* *_cp314
  license: MIT
  license_family: MIT
  size: 10773917
  timestamp: 1765373877268
- conda: https://conda.anaconda.org/conda-forge/noarch/python_abi-3.14-8_cp314.conda
  build_number: 8
  sha256: ad6d2e9ac39751cc0529dd1566a26751a0bf2542adb0c232533d32e176e21db5
  md5: 0539938c55b6b1a59b560e843ad864a4
  constrains:
  - python 3.14.* *_cp314
  license: BSD-3-Clause
  license_family: BSD
  size: 6989
  timestamp: 1752805904792
- conda: https://conda.anaconda.org/conda-forge/osx-arm64/readline-8.3-h46df422_0.conda
  sha256: a77010528efb4b548ac2a4484eaf7e1c3907f2aec86123ed9c5212ae44502477
  md5: f8381319127120ce51e081dce4865cf4
  depends:
  - __osx >=11.0
  - ncurses >=6.5,<7.0a0
  license: GPL-3.0-only
  license_family: GPL
  size: 313930
  timestamp: 1765813902568
- conda: https://conda.anaconda.org/bioconda/osx-arm64/rpsbproc-0.5.0-hf8bb5b5_3.tar.bz2
  sha256: e56c776f6c68d1e8ce22d8663aa2df5f763e9e0bd727429aa0b0c191906d7f1d
  md5: be4c9f7fcf4b875518e03341995e786b
  depends:
  - bzip2 >=1.0.8,<2.0a0
  - libcxx >=18
  - libsqlite >=3.49.1,<4.0a0
  - libzlib >=1.3.1,<2.0a0
  license: Public Domain
  size: 4701550
  timestamp: 1743099954895
- conda: https://conda.anaconda.org/bioconda/osx-arm64/seqkit-2.12.0-hd5f1084_1.conda
  sha256: b96adcd68bd0a0d30182b90acb7ca75d4dbe927dc6bb2dbd96fd74748f91370f
  md5: 649a3ae1cd2a9aca179d7f80a7f86691
  license: MIT
  license_family: MIT
  size: 6271292
  timestamp: 1766200072050
- conda: https://conda.anaconda.org/conda-forge/osx-arm64/tk-8.6.13-h892fb3f_3.conda
  sha256: ad0c67cb03c163a109820dc9ecf77faf6ec7150e942d1e8bb13e5d39dc058ab7
  md5: a73d54a5abba6543cb2f0af1bfbd6851
  depends:
  - __osx >=11.0
  - libzlib >=1.3.1,<2.0a0
  license: TCL
  license_family: BSD
  size: 3125484
  timestamp: 1763055028377
- conda: https://conda.anaconda.org/conda-forge/noarch/tzdata-2025c-hc9c84f9_1.conda
  sha256: 1d30098909076af33a35017eed6f2953af1c769e273a0626a04722ac4acaba3c
  md5: ad659d0a2b3e47e38d829aa8cad2d610
  license: LicenseRef-Public-Domain
  size: 119135
  timestamp: 1767016325805
- conda: https://conda.anaconda.org/conda-forge/osx-arm64/wget-1.25.0-hd7c3adf_0.conda
  sha256: 50c292216ec347ac3674750a45ef33059427668599eb0e194d0d0b1ee692d0b4
  md5: e2d9be567f07539c0f6b1f5ab0ef08f5
  depends:
  - __osx >=11.0
  - libidn2 >=2,<3.0a0
  - libunistring >=0,<1.0a0
  - libzlib >=1.3.1,<2.0a0
  - openssl >=3.5.4,<4.0a0
  - pcre2 >=10.45,<10.46.0a0
  - zlib
  license: GPL-3.0-or-later
  license_family: GPL
  size: 326186
  timestamp: 1761206964117
- conda: https://conda.anaconda.org/conda-forge/osx-arm64/zlib-1.3.1-h8359307_2.conda
  sha256: 58f8860756680a4831c1bf4f294e2354d187f2e999791d53b1941834c4b37430
  md5: e3170d898ca6cb48f1bb567afb92f775
  depends:
  - __osx >=11.0
  - libzlib 1.3.1 h8359307_2
  license: Zlib
  license_family: Other
  size: 77606
  timestamp: 1727963209370
- conda: https://conda.anaconda.org/conda-forge/osx-arm64/zstd-1.5.7-hbf9d68e_6.conda
  sha256: 9485ba49e8f47d2b597dd399e88f4802e100851b27c21d7525625b0b4025a5d9
  md5: ab136e4c34e97f34fb621d2592a393d8
  depends:
  - __osx >=11.0
  - libzlib >=1.3.1,<2.0a0
  license: BSD-3-Clause
  license_family: BSD
  size: 433413
  timestamp: 1764777166076
